
Microsoft Visual Studio Solution File, Format Version 12.00
Project("{FAE04EC0-301F-11D3-BF4B-00C04F79EFBC}") = "HexGridPainter", "HexGridPainter\HexGridPainter.csproj", "{F096E162-F595-4AC2-9166-504FEEB0DB19}"
EndProject
Global
	GlobalSection(SolutionConfigurationPlatforms) = preSolution
		Debug|Any CPU = Debug|Any CPU
		Release|Any CPU = Release|Any CPU
	EndGlobalSection
	GlobalSection(ProjectConfigurationPlatforms) = postSolution
		{F096E162-F595-4AC2-9166-504FEEB0DB19}.Debug|Any CPU.ActiveCfg = Debug|Any CPU
		{F096E162-F595-4AC2-9166-504FEEB0DB19}.Debug|Any CPU.Build.0 = Debug|Any CPU
		{F096E162-F595-4AC2-9166-504FEEB0DB19}.Release|Any CPU.ActiveCfg = Release|Any CPU
		{F096E162-F595-4AC2-9166-504FEEB0DB19}.Release|Any CPU.Build.0 = Release|Any CPU
	EndGlobalSection
EndGlobal
